
Microsoft Visual Studio Solution File, Format Version 12.00
# Visual Studio Version 17
VisualStudioVersion = 17.0.32126.317
MinimumVisualStudioVersion = 10.0.40219.1
Project("{FAE04EC0-301F-11D3-BF4B-00C04F79EFBC}") = "ArchivosBinarios", "ArchivosBinarios\ArchivosBinarios.csproj", "{325DBD31-7E8E-4257-B2E4-BC9EC3AC9E9E}"
EndProject
Global
	GlobalSection(SolutionConfigurationPlatforms) = preSolution
		Debug|Any CPU = Debug|Any CPU
		Release|Any CPU = Release|Any CPU
	EndGlobalSection
	GlobalSection(ProjectConfigurationPlatforms) = postSolution
		{325DBD31-7E8E-4257-B2E4-BC9EC3AC9E9E}.Debug|Any CPU.ActiveCfg = Debug|Any CPU
		{325DBD31-7E8E-4257-B2E4-BC9EC3AC9E9E}.Debug|Any CPU.Build.0 = Debug|Any CPU
		{325DBD31-7E8E-4257-B2E4-BC9EC3AC9E9E}.Release|Any CPU.ActiveCfg = Release|Any CPU
		{325DBD31-7E8E-4257-B2E4-BC9EC3AC9E9E}.Release|Any CPU.Build.0 = Release|Any CPU
	EndGlobalSection
	GlobalSection(SolutionProperties) = preSolution
		HideSolutionNode = FALSE
	EndGlobalSection
	GlobalSection(ExtensibilityGlobals) = postSolution
		SolutionGuid = {6C5C16CF-3E38-44D6-9557-CBA933BDE113}
	EndGlobalSection
EndGlobal
